<?xml version="1.0" encoding="utf-8"?>
<Project ToolsVersion="4.0" xmlns="http://schemas.microsoft.com/developer/msbuild/2003">
  <ItemGroup>
    <Filter Include="Fichiers de ressources">
      <UniqueIdentifier>{67DA6AB6-F800-4c08-8B7A-83BB121AAD01}</UniqueIdentifier>
      <Extensions>rc;ico;cur;bmp;dlg;rc2;rct;bin;rgs;gif;jpg;jpeg;jpe;resx;tiff;tif;png;wav;mfcribbon-ms</Extensions>
    </Filter>
    <Filter Include="Fichiers sources">
      <UniqueIdentifier>{4FC737F1-C7A5-4376-A066-2A32D752A2FF}</UniqueIdentifier>
      <Extensions>cpp;c;cc;cxx;c++;cppm;ixx;def;odl;idl;hpj;bat;asm;asmx</Extensions>
    </Filter>
    <Filter Include="Fichiers sources\Core">
      <UniqueIdentifier>{ce715153-a98d-4361-b57e-e312a24652df}</UniqueIdentifier>
    </Filter>
    <Filter Include="Fichiers sources\Core\Maths">
      <UniqueIdentifier>{c371fc57-292b-4501-b750-62bd9a2a50b7}</UniqueIdentifier>
    </Filter>
    <Filter Include="Fichiers sources\Core\Physics">
      <UniqueIdentifier>{5f518866-580a-4f49-a22c-9ea69deb73b6}</UniqueIdentifier>
    </Filter>
    <Filter Include="Fichiers sources\Resources">
      <UniqueIdentifier>{c871d4d7-f123-4331-8d71-c3ad03af52ba}</UniqueIdentifier>
    </Filter>
    <Filter Include="Fichiers sources\Externals">
      <UniqueIdentifier>{1009c31f-f493-4331-b163-3a04deab9427}</UniqueIdentifier>
    </Filter>
    <Filter Include="Fichiers sources\Render">
      <UniqueIdentifier>{60fe5672-1c07-4263-9870-60fdb472e010}</UniqueIdentifier>
    </Filter>
    <Filter Include="Fichiers sources\Scenes">
      <UniqueIdentifier>{8a782549-40e2-4df0-93c1-61974d20d866}</UniqueIdentifier>
    </Filter>
    <Filter Include="Fichiers d%27en-tête">
      <UniqueIdentifier>{93995380-89BD-4b04-88EB-625FBE52EBFB}</UniqueIdentifier>
      <Extensions>h;hh;hpp;hxx;h++;hm;inl;inc;ipp;xsd</Extensions>
    </Filter>
    <Filter Include="Fichiers d%27en-tête\Core">
      <UniqueIdentifier>{d70a9266-2cca-42c6-90a5-addc9e35b47c}</UniqueIdentifier>
    </Filter>
    <Filter Include="Fichiers d%27en-tête\Core\Maths">
      <UniqueIdentifier>{a1bc0368-cfb6-4dfa-ad15-b19a15b84e7f}</UniqueIdentifier>
    </Filter>
    <Filter Include="Fichiers d%27en-tête\Core\Physics">
      <UniqueIdentifier>{cdec4ec5-b704-442c-98ab-aaa835afac8b}</UniqueIdentifier>
    </Filter>
    <Filter Include="Fichiers d%27en-tête\Resources">
      <UniqueIdentifier>{da25a4c7-e4c9-4999-b737-70c423e3fef0}</UniqueIdentifier>
    </Filter>
    <Filter Include="Fichiers d%27en-tête\Externals">
      <UniqueIdentifier>{9aa44a94-35a2-46ea-a65c-987565c5bc60}</UniqueIdentifier>
    </Filter>
    <Filter Include="Fichiers d%27en-tête\Render">
      <UniqueIdentifier>{48a8ed15-6979-45b2-a3ff-5e3c65fcb6a6}</UniqueIdentifier>
    </Filter>
    <Filter Include="Fichiers d%27en-tête\Scenes">
      <UniqueIdentifier>{be6202b9-b02d-499c-a0b0-8c6300b30fba}</UniqueIdentifier>
    </Filter>
  </ItemGroup>
  <ItemGroup>
    <ClCompile Include="Sources\main.cpp">
      <Filter>Fichiers sources</Filter>
    </ClCompile>
    <ClCompile Include="Sources\App.cpp">
      <Filter>Fichiers sources\Core</Filter>
    </ClCompile>
    <ClCompile Include="Sources\Debug.cpp">
      <Filter>Fichiers sources\Core</Filter>
    </ClCompile>
    <ClCompile Include="Sources\Vector2.cpp">
      <Filter>Fichiers sources\Core\Maths</Filter>
    </ClCompile>
    <ClCompile Include="Sources\Vector3.cpp">
      <Filter>Fichiers sources\Core\Maths</Filter>
    </ClCompile>
    <ClCompile Include="Sources\Vector4.cpp">
      <Filter>Fichiers sources\Core\Maths</Filter>
    </ClCompile>
    <ClCompile Include="Sources\Arithmetic.cpp">
      <Filter>Fichiers sources\Core\Maths</Filter>
    </ClCompile>
    <ClCompile Include="Sources\Matrix.cpp">
      <Filter>Fichiers sources\Core\Maths</Filter>
    </ClCompile>
    <ClCompile Include="Sources\ResourceManager.cpp">
      <Filter>Fichiers sources\Resources</Filter>
    </ClCompile>
    <ClCompile Include="Sources\Textures.cpp">
      <Filter>Fichiers sources\Resources</Filter>
    </ClCompile>
    <ClCompile Include="Sources\SubMesh.cpp">
      <Filter>Fichiers sources\Resources</Filter>
    </ClCompile>
    <ClCompile Include="Sources\Color.cpp">
      <Filter>Fichiers sources\Core\Maths</Filter>
    </ClCompile>
    <ClCompile Include="Sources\Shader.cpp">
      <Filter>Fichiers sources\Resources</Filter>
    </ClCompile>
    <ClCompile Include="Sources\TextureSampler.cpp">
      <Filter>Fichiers sources\Resources</Filter>
    </ClCompile>
    <ClCompile Include="Sources\Camera.cpp">
      <Filter>Fichiers sources\Render</Filter>
    </ClCompile>
    <ClCompile Include="Sources\LightManager.cpp">
      <Filter>Fichiers sources\Render</Filter>
    </ClCompile>
    <ClCompile Include="Sources\Material.cpp">
      <Filter>Fichiers sources\Resources</Filter>
    </ClCompile>
    <ClCompile Include="Sources\Mesh.cpp">
      <Filter>Fichiers sources\Resources</Filter>
    </ClCompile>
    <ClCompile Include="Sources\glad.cpp">
      <Filter>Fichiers sources\Externals</Filter>
    </ClCompile>
    <ClCompile Include="Includes\imgui\imgui_draw.cpp">
      <Filter>Fichiers sources\Externals</Filter>
    </ClCompile>
    <ClCompile Include="Includes\imgui\imgui_impl_glfw.cpp">
      <Filter>Fichiers sources\Externals</Filter>
    </ClCompile>
    <ClCompile Include="Includes\imgui\imgui_impl_opengl3.cpp">
      <Filter>Fichiers sources\Externals</Filter>
    </ClCompile>
    <ClCompile Include="Includes\imgui\imgui_stdlib.cpp">
      <Filter>Fichiers sources\Externals</Filter>
    </ClCompile>
    <ClCompile Include="Includes\imgui\imgui_tables.cpp">
      <Filter>Fichiers sources\Externals</Filter>
    </ClCompile>
    <ClCompile Include="Includes\imgui\imgui_widgets.cpp">
      <Filter>Fichiers sources\Externals</Filter>
    </ClCompile>
    <ClCompile Include="Includes\imgui\imgui.cpp">
      <Filter>Fichiers sources\Externals</Filter>
    </ClCompile>
    <ClCompile Include="Sources\Transform.cpp">
      <Filter>Fichiers sources\Core\Maths</Filter>
    </ClCompile>
    <ClCompile Include="Sources\Light.cpp">
      <Filter>Fichiers sources\Render</Filter>
    </ClCompile>
    <ClCompile Include="Sources\SceneGraph.cpp">
      <Filter>Fichiers sources\Scenes</Filter>
    </ClCompile>
    <ClCompile Include="Sources\SceneNode.cpp">
      <Filter>Fichiers sources\Scenes</Filter>
    </ClCompile>
    <ClCompile Include="Sources\Ui.cpp">
      <Filter>Fichiers sources\Core</Filter>
    </ClCompile>
    <ClCompile Include="Sources\Rigidbody.cpp">
      <Filter>Fichiers sources\Core\Physics</Filter>
    </ClCompile>
    <ClCompile Include="Sources\Primitive.cpp">
      <Filter>Fichiers sources\Core\Physics</Filter>
    </ClCompile>
    <ClCompile Include="Sources\CameraManager.cpp">
      <Filter>Fichiers sources\Render</Filter>
    </ClCompile>
    <ClCompile Include="Sources\TimeManager.cpp">
      <Filter>Fichiers sources\Core</Filter>
    </ClCompile>
    <ClCompile Include="Sources\KeyBindings.cpp">
      <Filter>Fichiers sources\Core</Filter>
    </ClCompile>
    <ClCompile Include="Sources\ThreadManager.cpp">
      <Filter>Fichiers sources\Core</Filter>
    </ClCompile>
    <ClCompile Include="Sources\MtlFile.cpp">
      <Filter>Fichiers sources\Resources</Filter>
    </ClCompile>
    <ClCompile Include="Sources\ObjFile.cpp">
      <Filter>Fichiers sources\Resources</Filter>
    </ClCompile>
    <ClCompile Include="Sources\Collisions.cpp">
      <Filter>Fichiers sources\Core</Filter>
    </ClCompile>
    <ClCompile Include="Sources\PyScript.cpp">
      <Filter>Fichiers sources\Resources</Filter>
    </ClCompile>
    <ClCompile Include="Sources\PythonBindings.cpp">
      <Filter>Fichiers sources\Core</Filter>
    </ClCompile>
  </ItemGroup>
  <ItemGroup>
    <ClInclude Include="Headers\App.h">
      <Filter>Fichiers d%27en-tête\Core</Filter>
    </ClInclude>
    <ClInclude Include="Headers\Debug.h">
      <Filter>Fichiers d%27en-tête\Core</Filter>
    </ClInclude>
    <ClInclude Include="Headers\Maths.h">
      <Filter>Fichiers d%27en-tête\Core\Maths</Filter>
    </ClInclude>
    <ClInclude Include="Headers\Vector2.h">
      <Filter>Fichiers d%27en-tête\Core\Maths</Filter>
    </ClInclude>
    <ClInclude Include="Headers\Vector3.h">
      <Filter>Fichiers d%27en-tête\Core\Maths</Filter>
    </ClInclude>
    <ClInclude Include="Headers\Vector4.h">
      <Filter>Fichiers d%27en-tête\Core\Maths</Filter>
    </ClInclude>
    <ClInclude Include="Headers\Matrix.h">
      <Filter>Fichiers d%27en-tête\Core\Maths</Filter>
    </ClInclude>
    <ClInclude Include="Headers\Arithmetic.h">
      <Filter>Fichiers d%27en-tête\Core\Maths</Filter>
    </ClInclude>
    <ClInclude Include="Headers\ResourceManager.h">
      <Filter>Fichiers d%27en-tête\Resources</Filter>
    </ClInclude>
    <ClInclude Include="Headers\Textures.h">
      <Filter>Fichiers d%27en-tête\Resources</Filter>
    </ClInclude>
    <ClInclude Include="Headers\IResource.h">
      <Filter>Fichiers d%27en-tête\Resources</Filter>
    </ClInclude>
    <ClInclude Include="Headers\SubMesh.h">
      <Filter>Fichiers d%27en-tête\Resources</Filter>
    </ClInclude>
    <ClInclude Include="Headers\Color.h">
      <Filter>Fichiers d%27en-tête\Core\Maths</Filter>
    </ClInclude>
    <ClInclude Include="Headers\Shader.h">
      <Filter>Fichiers d%27en-tête\Resources</Filter>
    </ClInclude>
    <ClInclude Include="Headers\TextureSampler.h">
      <Filter>Fichiers d%27en-tête\Resources</Filter>
    </ClInclude>
    <ClInclude Include="Headers\Camera.h">
      <Filter>Fichiers d%27en-tête\Render</Filter>
    </ClInclude>
    <ClInclude Include="Headers\Light.h">
      <Filter>Fichiers d%27en-tête\Render</Filter>
    </ClInclude>
    <ClInclude Include="Headers\LightManager.h">
      <Filter>Fichiers d%27en-tête\Render</Filter>
    </ClInclude>
    <ClInclude Include="Headers\Material.h">
      <Filter>Fichiers d%27en-tête\Resources</Filter>
    </ClInclude>
    <ClInclude Include="Headers\Mesh.h">
      <Filter>Fichiers d%27en-tête\Resources</Filter>
    </ClInclude>
    <ClInclude Include="Includes\glad\glad.h">
      <Filter>Fichiers d%27en-tête\Externals</Filter>
    </ClInclude>
    <ClInclude Include="Includes\imgui\imgui_impl_glfw.h">
      <Filter>Fichiers d%27en-tête\Externals</Filter>
    </ClInclude>
    <ClInclude Include="Includes\imgui\imgui_impl_opengl3.h">
      <Filter>Fichiers d%27en-tête\Externals</Filter>
    </ClInclude>
    <ClInclude Include="Includes\imgui\imgui_impl_opengl3_loader.h">
      <Filter>Fichiers d%27en-tête\Externals</Filter>
    </ClInclude>
    <ClInclude Include="Includes\imgui\imgui_internal.h">
      <Filter>Fichiers d%27en-tête\Externals</Filter>
    </ClInclude>
    <ClInclude Include="Includes\imgui\imgui_stdlib.h">
      <Filter>Fichiers d%27en-tête\Externals</Filter>
    </ClInclude>
    <ClInclude Include="Includes\imgui\imstb_rectpack.h">
      <Filter>Fichiers d%27en-tête\Externals</Filter>
    </ClInclude>
    <ClInclude Include="Includes\imgui\imstb_textedit.h">
      <Filter>Fichiers d%27en-tête\Externals</Filter>
    </ClInclude>
    <ClInclude Include="Includes\imgui\imstb_truetype.h">
      <Filter>Fichiers d%27en-tête\Externals</Filter>
    </ClInclude>
    <ClInclude Include="Includes\imgui\imconfig.h">
      <Filter>Fichiers d%27en-tête\Externals</Filter>
    </ClInclude>
    <ClInclude Include="Includes\imgui\imgui.h">
      <Filter>Fichiers d%27en-tête\Externals</Filter>
    </ClInclude>
    <ClInclude Include="Headers\Transform.h">
      <Filter>Fichiers d%27en-tête\Core\Maths</Filter>
    </ClInclude>
    <ClInclude Include="Headers\SceneGraph.h">
      <Filter>Fichiers d%27en-tête\Scenes</Filter>
    </ClInclude>
    <ClInclude Include="Headers\SceneNode.h">
      <Filter>Fichiers d%27en-tête\Scenes</Filter>
    </ClInclude>
    <ClInclude Include="Headers\Ui.h">
      <Filter>Fichiers d%27en-tête\Core</Filter>
    </ClInclude>
    <ClInclude Include="Headers\Rigidbody.h">
      <Filter>Fichiers d%27en-tête\Core\Physics</Filter>
    </ClInclude>
    <ClInclude Include="Headers\Primitive.h">
      <Filter>Fichiers d%27en-tête\Core\Physics</Filter>
    </ClInclude>
    <ClInclude Include="Headers\Collisions.h">
      <Filter>Fichiers d%27en-tête\Core\Physics</Filter>
    </ClInclude>
    <ClInclude Include="Headers\Physics.h">
      <Filter>Fichiers d%27en-tête\Core\Physics</Filter>
    </ClInclude>
    <ClInclude Include="Headers\CameraManager.h">
      <Filter>Fichiers d%27en-tête\Render</Filter>
    </ClInclude>
    <ClInclude Include="Headers\TimeManager.h">
      <Filter>Fichiers d%27en-tête\Core</Filter>
    </ClInclude>
    <ClInclude Include="Headers\KeyBindings.h">
      <Filter>Fichiers d%27en-tête\Core</Filter>
    </ClInclude>
    <ClInclude Include="Headers\ThreadManager.h">
      <Filter>Fichiers d%27en-tête\Core</Filter>
    </ClInclude>
    <ClInclude Include="Headers\ObjFile.h">
      <Filter>Fichiers d%27en-tête\Resources</Filter>
    </ClInclude>
    <ClInclude Include="Headers\MtlFile.h">
      <Filter>Fichiers d%27en-tête\Resources</Filter>
    </ClInclude>
    <ClInclude Include="Headers\PyScript.h">
      <Filter>Fichiers d%27en-tête\Resources</Filter>
    </ClInclude>
    <ClInclude Include="Headers\PyOpaqueClasses.h">
      <Filter>Fichiers d%27en-tête\Core</Filter>
    </ClInclude>
    <ClInclude Include="Headers\ObjectScript.h">
      <Filter>Fichiers d%27en-tête\Scenes</Filter>
    </ClInclude>
  </ItemGroup>
  <ItemGroup>
    <None Include="Headers\Vector2.inl">
      <Filter>Fichiers d%27en-tête\Core\Maths</Filter>
    </None>
    <None Include="Headers\Vector3.inl">
      <Filter>Fichiers d%27en-tête\Core\Maths</Filter>
    </None>
    <None Include="Headers\Vector4.inl">
      <Filter>Fichiers d%27en-tête\Core\Maths</Filter>
    </None>
    <None Include="Headers\ResourceManager.inl">
      <Filter>Fichiers d%27en-tête\Resources</Filter>
    </None>
    <None Include="Headers\LightManager.inl">
      <Filter>Fichiers d%27en-tête\Render</Filter>
    </None>
  </ItemGroup>
</Project>